// !$*UTF8*$!
{
	archiveVersion = 1;
	classes = {
	};
	objectVersion = 50;
	objects = {

/* Begin PBXBuildFile section */
		9FB93A5C074A2B7A6C8D43AE /* libPods-WechatPublicAccount.a in Frameworks */ = {isa = PBXBuildFile; fileRef = C6595AFE7C40886E1578FECB /* libPods-WechatPublicAccount.a */; };
		BC0A9BA1238FF7460072BB0C /* GeneralMsgListManager.m in Sources */ = {isa = PBXBuildFile; fileRef = BC0A9BA0238FF7460072BB0C /* GeneralMsgListManager.m */; };
		BC31B7E323B09F66001B2345 /* GeneralMsgContentViewController.m in Sources */ = {isa = PBXBuildFile; fileRef = BC31B7E223B09F66001B2345 /* GeneralMsgContentViewController.m */; };
		BC5A405A238E86B000E6EAF2 /* AccountListViewController.m in Sources */ = {isa = PBXBuildFile; fileRef = BC5A4059238E86B000E6EAF2 /* AccountListViewController.m */; };
		BC5A405D238E86C900E6EAF2 /* AccountListCell.m in Sources */ = {isa = PBXBuildFile; fileRef = BC5A405C238E86C900E6EAF2 /* AccountListCell.m */; };
		BC5A4061238E87F700E6EAF2 /* GeneralMsgListViewController.m in Sources */ = {isa = PBXBuildFile; fileRef = BC5A4060238E87F700E6EAF2 /* GeneralMsgListViewController.m */; };
		BC5A4064238E880700E6EAF2 /* GeneralMsgListCell.m in Sources */ = {isa = PBXBuildFile; fileRef = BC5A4063238E880700E6EAF2 /* GeneralMsgListCell.m */; };
		BC5A406B238E90DE00E6EAF2 /* CoreDataManager.m in Sources */ = {isa = PBXBuildFile; fileRef = BC5A406A238E90DE00E6EAF2 /* CoreDataManager.m */; };
		BC5A406E238E918E00E6EAF2 /* WechatPublicAccount.xcdatamodeld in Sources */ = {isa = PBXBuildFile; fileRef = BC5A406C238E918E00E6EAF2 /* WechatPublicAccount.xcdatamodeld */; };
		BCB1D1BD2393835100023A94 /* GeneralMsgListHeaderView.m in Sources */ = {isa = PBXBuildFile; fileRef = BCB1D1BC2393835100023A94 /* GeneralMsgListHeaderView.m */; };
		BCB1D1C32393D83700023A94 /* GeneralMsgListImageViewController.m in Sources */ = {isa = PBXBuildFile; fileRef = BCB1D1C22393D83700023A94 /* GeneralMsgListImageViewController.m */; };
		BCD8DC6D238CB9D6000137AF /* AppDelegate.m in Sources */ = {isa = PBXBuildFile; fileRef = BCD8DC6C238CB9D6000137AF /* AppDelegate.m */; };
		BCD8DC76238CB9D6000137AF /* Main.storyboard in Resources */ = {isa = PBXBuildFile; fileRef = BCD8DC74238CB9D6000137AF /* Main.storyboard */; };
		BCD8DC78238CB9D8000137AF /* Assets.xcassets in Resources */ = {isa = PBXBuildFile; fileRef = BCD8DC77238CB9D8000137AF /* Assets.xcassets */; };
		BCD8DC7B238CB9D8000137AF /* LaunchScreen.storyboard in Resources */ = {isa = PBXBuildFile; fileRef = BCD8DC79238CB9D8000137AF /* LaunchScreen.storyboard */; };
		BCD8DC7E238CB9D8000137AF /* main.m in Sources */ = {isa = PBXBuildFile; fileRef = BCD8DC7D238CB9D8000137AF /* main.m */; };
		BCF99EF524BC592D002D63F3 /* accountList.plist in Resources */ = {isa = PBXBuildFile; fileRef = BCF99EF424BC592D002D63F3 /* accountList.plist */; };
		BCF99EF824BC5C8F002D63F3 /* Account.m in Sources */ = {isa = PBXBuildFile; fileRef = BCF99EF724BC5C8F002D63F3 /* Account.m */; };
/* End PBXBuildFile section */

/* Begin PBXFileReference section */
		39BEB5B33CEF7BDA6A9B41BE /* Pods-WechatPublicAccount.release.xcconfig */ = {isa = PBXFileReference; includeInIndex = 1; lastKnownFileType = text.xcconfig; name = "Pods-WechatPublicAccount.release.xcconfig"; path = "Target Support Files/Pods-WechatPublicAccount/Pods-WechatPublicAccount.release.xcconfig"; sourceTree = "<group>"; };
		BC0A9B9F238FF7460072BB0C /* GeneralMsgListManager.h */ = {isa = PBXFileReference; lastKnownFileType = sourcecode.c.h; path = GeneralMsgListManager.h; sourceTree = "<group>"; };
		BC0A9BA0238FF7460072BB0C /* GeneralMsgListManager.m */ = {isa = PBXFileReference; lastKnownFileType = sourcecode.c.objc; path = GeneralMsgListManager.m; sourceTree = "<group>"; };
		BC31B7E123B09F66001B2345 /* GeneralMsgContentViewController.h */ = {isa = PBXFileReference; lastKnownFileType = sourcecode.c.h; path = GeneralMsgContentViewController.h; sourceTree = "<group>"; };
		BC31B7E223B09F66001B2345 /* GeneralMsgContentViewController.m */ = {isa = PBXFileReference; lastKnownFileType = sourcecode.c.objc; path = GeneralMsgContentViewController.m; sourceTree = "<group>"; };
		BC5A4058238E86B000E6EAF2 /* AccountListViewController.h */ = {isa = PBXFileReference; lastKnownFileType = sourcecode.c.h; path = AccountListViewController.h; sourceTree = "<group>"; };
		BC5A4059238E86B000E6EAF2 /* AccountListViewController.m */ = {isa = PBXFileReference; lastKnownFileType = sourcecode.c.objc; path = AccountListViewController.m; sourceTree = "<group>"; };
		BC5A405B238E86C900E6EAF2 /* AccountListCell.h */ = {isa = PBXFileReference; lastKnownFileType = sourcecode.c.h; path = AccountListCell.h; sourceTree = "<group>"; };
		BC5A405C238E86C900E6EAF2 /* AccountListCell.m */ = {isa = PBXFileReference; lastKnownFileType = sourcecode.c.objc; path = AccountListCell.m; sourceTree = "<group>"; };
		BC5A405F238E87F700E6EAF2 /* GeneralMsgListViewController.h */ = {isa = PBXFileReference; lastKnownFileType = sourcecode.c.h; path = GeneralMsgListViewController.h; sourceTree = "<group>"; };
		BC5A4060238E87F700E6EAF2 /* GeneralMsgListViewController.m */ = {isa = PBXFileReference; lastKnownFileType = sourcecode.c.objc; path = GeneralMsgListViewController.m; sourceTree = "<group>"; };
		BC5A4062238E880700E6EAF2 /* GeneralMsgListCell.h */ = {isa = PBXFileReference; lastKnownFileType = sourcecode.c.h; path = GeneralMsgListCell.h; sourceTree = "<group>"; };
		BC5A4063238E880700E6EAF2 /* GeneralMsgListCell.m */ = {isa = PBXFileReference; lastKnownFileType = sourcecode.c.objc; path = GeneralMsgListCell.m; sourceTree = "<group>"; };
		BC5A4069238E90DE00E6EAF2 /* CoreDataManager.h */ = {isa = PBXFileReference; lastKnownFileType = sourcecode.c.h; path = CoreDataManager.h; sourceTree = "<group>"; };
		BC5A406A238E90DE00E6EAF2 /* CoreDataManager.m */ = {isa = PBXFileReference; lastKnownFileType = sourcecode.c.objc; path = CoreDataManager.m; sourceTree = "<group>"; };
		BC5A406D238E918E00E6EAF2 /* WechatPublicAccount.xcdatamodel */ = {isa = PBXFileReference; lastKnownFileType = wrapper.xcdatamodel; path = WechatPublicAccount.xcdatamodel; sourceTree = "<group>"; };
		BCB1D1BB2393835100023A94 /* GeneralMsgListHeaderView.h */ = {isa = PBXFileReference; lastKnownFileType = sourcecode.c.h; path = GeneralMsgListHeaderView.h; sourceTree = "<group>"; };
		BCB1D1BC2393835100023A94 /* GeneralMsgListHeaderView.m */ = {isa = PBXFileReference; lastKnownFileType = sourcecode.c.objc; path = GeneralMsgListHeaderView.m; sourceTree = "<group>"; };
		BCB1D1C12393D83700023A94 /* GeneralMsgListImageViewController.h */ = {isa = PBXFileReference; lastKnownFileType = sourcecode.c.h; path = GeneralMsgListImageViewController.h; sourceTree = "<group>"; };
		BCB1D1C22393D83700023A94 /* GeneralMsgListImageViewController.m */ = {isa = PBXFileReference; lastKnownFileType = sourcecode.c.objc; path = GeneralMsgListImageViewController.m; sourceTree = "<group>"; };
		BCD8DC68238CB9D6000137AF /* WechatPublicAccount.app */ = {isa = PBXFileReference; explicitFileType = wrapper.application; includeInIndex = 0; path = WechatPublicAccount.app; sourceTree = BUILT_PRODUCTS_DIR; };
		BCD8DC6B238CB9D6000137AF /* AppDelegate.h */ = {isa = PBXFileReference; lastKnownFileType = sourcecode.c.h; path = AppDelegate.h; sourceTree = "<group>"; };
		BCD8DC6C238CB9D6000137AF /* AppDelegate.m */ = {isa = PBXFileReference; lastKnownFileType = sourcecode.c.objc; path = AppDelegate.m; sourceTree = "<group>"; };
		BCD8DC75238CB9D6000137AF /* Base */ = {isa = PBXFileReference; lastKnownFileType = file.storyboard; name = Base; path = Base.lproj/Main.storyboard; sourceTree = "<group>"; };
		BCD8DC77238CB9D8000137AF /* Assets.xcassets */ = {isa = PBXFileReference; lastKnownFileType = folder.assetcatalog; path = Assets.xcassets; sourceTree = "<group>"; };
		BCD8DC7A238CB9D8000137AF /* Base */ = {isa = PBXFileReference; lastKnownFileType = file.storyboard; name = Base; path = Base.lproj/LaunchScreen.storyboard; sourceTree = "<group>"; };
		BCD8DC7C238CB9D8000137AF /* Info.plist */ = {isa = PBXFileReference; lastKnownFileType = text.plist.xml; path = Info.plist; sourceTree = "<group>"; };
		BCD8DC7D238CB9D8000137AF /* main.m */ = {isa = PBXFileReference; lastKnownFileType = sourcecode.c.objc; path = main.m; sourceTree = "<group>"; };
		BCF99EF424BC592D002D63F3 /* accountList.plist */ = {isa = PBXFileReference; lastKnownFileType = text.plist.xml; path = accountList.plist; sourceTree = "<group>"; };
		BCF99EF624BC5C8F002D63F3 /* Account.h */ = {isa = PBXFileReference; lastKnownFileType = sourcecode.c.h; path = Account.h; sourceTree = "<group>"; };
		BCF99EF724BC5C8F002D63F3 /* Account.m */ = {isa = PBXFileReference; lastKnownFileType = sourcecode.c.objc; path = Account.m; sourceTree = "<group>"; };
		BCF99EF924BC647D002D63F3 /* PrefixHeader.pch */ = {isa = PBXFileReference; lastKnownFileType = sourcecode.c.h; path = PrefixHeader.pch; sourceTree = "<group>"; };
		C6595AFE7C40886E1578FECB /* libPods-WechatPublicAccount.a */ = {isa = PBXFileReference; explicitFileType = archive.ar; includeInIndex = 0; path = "libPods-WechatPublicAccount.a"; sourceTree = BUILT_PRODUCTS_DIR; };
		E5D058E2DE086AEB43BF3B62 /* Pods-WechatPublicAccount.debug.xcconfig */ = {isa = PBXFileReference; includeInIndex = 1; lastKnownFileType = text.xcconfig; name = "Pods-WechatPublicAccount.debug.xcconfig"; path = "Target Support Files/Pods-WechatPublicAccount/Pods-WechatPublicAccount.debug.xcconfig"; sourceTree = "<group>"; };
/* End PBXFileReference section */

/* Begin PBXFrameworksBuildPhase section */
		BCD8DC65238CB9D6000137AF /* Frameworks */ = {
			isa = PBXFrameworksBuildPhase;
			buildActionMask = 2147483647;
			files = (
				9FB93A5C074A2B7A6C8D43AE /* libPods-WechatPublicAccount.a in Frameworks */,
			);
			runOnlyForDeploymentPostprocessing = 0;
		};
/* End PBXFrameworksBuildPhase section */

/* Begin PBXGroup section */
		B22A57547A1FF60C461C34FB /* Frameworks */ = {
			isa = PBXGroup;
			children = (
				C6595AFE7C40886E1578FECB /* libPods-WechatPublicAccount.a */,
			);
			name = Frameworks;
			sourceTree = "<group>";
		};
		BC5A4057238E869400E6EAF2 /* AccountListViewController */ = {
			isa = PBXGroup;
			children = (
				BC5A4058238E86B000E6EAF2 /* AccountListViewController.h */,
				BC5A4059238E86B000E6EAF2 /* AccountListViewController.m */,
				BC5A405B238E86C900E6EAF2 /* AccountListCell.h */,
				BC5A405C238E86C900E6EAF2 /* AccountListCell.m */,
				BCF99EF624BC5C8F002D63F3 /* Account.h */,
				BCF99EF724BC5C8F002D63F3 /* Account.m */,
			);
			path = AccountListViewController;
			sourceTree = "<group>";
		};
		BC5A405E238E87E000E6EAF2 /* GeneralMsgListViewController */ = {
			isa = PBXGroup;
			children = (
				BC5A405F238E87F700E6EAF2 /* GeneralMsgListViewController.h */,
				BC5A4060238E87F700E6EAF2 /* GeneralMsgListViewController.m */,
				BC5A4062238E880700E6EAF2 /* GeneralMsgListCell.h */,
				BC5A4063238E880700E6EAF2 /* GeneralMsgListCell.m */,
				BCB1D1BB2393835100023A94 /* GeneralMsgListHeaderView.h */,
				BCB1D1BC2393835100023A94 /* GeneralMsgListHeaderView.m */,
				BCB1D1C12393D83700023A94 /* GeneralMsgListImageViewController.h */,
				BCB1D1C22393D83700023A94 /* GeneralMsgListImageViewController.m */,
				BC31B7E123B09F66001B2345 /* GeneralMsgContentViewController.h */,
				BC31B7E223B09F66001B2345 /* GeneralMsgContentViewController.m */,
				BC0A9B9F238FF7460072BB0C /* GeneralMsgListManager.h */,
				BC0A9BA0238FF7460072BB0C /* GeneralMsgListManager.m */,
			);
			path = GeneralMsgListViewController;
			sourceTree = "<group>";
		};
		BC5A4068238E90D700E6EAF2 /* CoreDataManager */ = {
			isa = PBXGroup;
			children = (
				BC5A4069238E90DE00E6EAF2 /* CoreDataManager.h */,
				BC5A406A238E90DE00E6EAF2 /* CoreDataManager.m */,
				BC5A406C238E918E00E6EAF2 /* WechatPublicAccount.xcdatamodeld */,
			);
			path = CoreDataManager;
			sourceTree = "<group>";
		};
		BCD8DC5F238CB9D6000137AF = {
			isa = PBXGroup;
			children = (
				BCD8DC6A238CB9D6000137AF /* WechatPublicAccount */,
				BCD8DC69238CB9D6000137AF /* Products */,
				CBB51D7D4FEE5207D1E897E5 /* Pods */,
				B22A57547A1FF60C461C34FB /* Frameworks */,
			);
			sourceTree = "<group>";
		};
		BCD8DC69238CB9D6000137AF /* Products */ = {
			isa = PBXGroup;
			children = (
				BCD8DC68238CB9D6000137AF /* WechatPublicAccount.app */,
			);
			name = Products;
			sourceTree = "<group>";
		};
		BCD8DC6A238CB9D6000137AF /* WechatPublicAccount */ = {
			isa = PBXGroup;
			children = (
				BCF99EF324BC58F7002D63F3 /* Resources */,
				BC5A4068238E90D700E6EAF2 /* CoreDataManager */,
				BC5A4057238E869400E6EAF2 /* AccountListViewController */,
				BC5A405E238E87E000E6EAF2 /* GeneralMsgListViewController */,
				BCD8DC6B238CB9D6000137AF /* AppDelegate.h */,
				BCD8DC6C238CB9D6000137AF /* AppDelegate.m */,
				BCD8DC74238CB9D6000137AF /* Main.storyboard */,
				BCD8DC77238CB9D8000137AF /* Assets.xcassets */,
				BCD8DC79238CB9D8000137AF /* LaunchScreen.storyboard */,
				BCD8DC7C238CB9D8000137AF /* Info.plist */,
				BCD8DC7D238CB9D8000137AF /* main.m */,
				BCF99EF924BC647D002D63F3 /* PrefixHeader.pch */,
			);
			path = WechatPublicAccount;
			sourceTree = "<group>";
		};
		BCF99EF324BC58F7002D63F3 /* Resources */ = {
			isa = PBXGroup;
			children = (
				BCF99EF424BC592D002D63F3 /* accountList.plist */,
			);
			path = Resources;
			sourceTree = "<group>";
		};
		CBB51D7D4FEE5207D1E897E5 /* Pods */ = {
			isa = PBXGroup;
			children = (
				E5D058E2DE086AEB43BF3B62 /* Pods-WechatPublicAccount.debug.xcconfig */,
				39BEB5B33CEF7BDA6A9B41BE /* Pods-WechatPublicAccount.release.xcconfig */,
			);
			path = Pods;
			sourceTree = "<group>";
		};
/* End PBXGroup section */

/* Begin PBXNativeTarget section */
		BCD8DC67238CB9D6000137AF /* WechatPublicAccount */ = {
			isa = PBXNativeTarget;
			buildConfigurationList = BCD8DC81238CB9D8000137AF /* Build configuration list for PBXNativeTarget "WechatPublicAccount" */;
			buildPhases = (
				57B07C9D3C6D08FA1ECE13C3 /* [CP] Check Pods Manifest.lock */,
				BCD8DC64238CB9D6000137AF /* Sources */,
				BCD8DC65238CB9D6000137AF /* Frameworks */,
				BCD8DC66238CB9D6000137AF /* Resources */,
			);
			buildRules = (
			);
			dependencies = (
			);
			name = WechatPublicAccount;
			productName = WechatPublicAccount;
			productReference = BCD8DC68238CB9D6000137AF /* WechatPublicAccount.app */;
			productType = "com.apple.product-type.application";
		};
/* End PBXNativeTarget section */

/* Begin PBXProject section */
		BCD8DC60238CB9D6000137AF /* Project object */ = {
			isa = PBXProject;
			attributes = {
				LastUpgradeCheck = 1120;
				ORGANIZATIONNAME = mayan;
				TargetAttributes = {
					BCD8DC67238CB9D6000137AF = {
						CreatedOnToolsVersion = 11.2.1;
					};
				};
			};
			buildConfigurationList = BCD8DC63238CB9D6000137AF /* Build configuration list for PBXProject "WechatPublicAccount" */;
			compatibilityVersion = "Xcode 9.3";
			developmentRegion = en;
			hasScannedForEncodings = 0;
			knownRegions = (
				en,
				Base,
			);
			mainGroup = BCD8DC5F238CB9D6000137AF;
			productRefGroup = BCD8DC69238CB9D6000137AF /* Products */;
			projectDirPath = "";
			projectRoot = "";
			targets = (
				BCD8DC67238CB9D6000137AF /* WechatPublicAccount */,
			);
		};
/* End PBXProject section */

/* Begin PBXResourcesBuildPhase section */
		BCD8DC66238CB9D6000137AF /* Resources */ = {
			isa = PBXResourcesBuildPhase;
			buildActionMask = 2147483647;
			files = (
				BCF99EF524BC592D002D63F3 /* accountList.plist in Resources */,
				BCD8DC7B238CB9D8000137AF /* LaunchScreen.storyboard in Resources */,
				BCD8DC78238CB9D8000137AF /* Assets.xcassets in Resources */,
				BCD8DC76238CB9D6000137AF /* Main.storyboard in Resources */,
			);
			runOnlyForDeploymentPostprocessing = 0;
		};
/* End PBXResourcesBuildPhase section */

/* Begin PBXShellScriptBuildPhase section */
		57B07C9D3C6D08FA1ECE13C3 /* [CP] Check Pods Manifest.lock */ = {
			isa = PBXShellScriptBuildPhase;
			buildActionMask = 2147483647;
			files = (
			);
			inputFileListPaths = (
			);
			inputPaths = (
				"${PODS_PODFILE_DIR_PATH}/Podfile.lock",
				"${PODS_ROOT}/Manifest.lock",
			);
			name = "[CP] Check Pods Manifest.lock";
			outputFileListPaths = (
			);
			outputPaths = (
				"$(DERIVED_FILE_DIR)/Pods-WechatPublicAccount-checkManifestLockResult.txt",
			);
			runOnlyForDeploymentPostprocessing = 0;
			shellPath = /bin/sh;
			shellScript = "diff \"${PODS_PODFILE_DIR_PATH}/Podfile.lock\" \"${PODS_ROOT}/Manifest.lock\" > /dev/null\nif [ $? != 0 ] ; then\n    # print error to STDERR\n    echo \"error: The sandbox is not in sync with the Podfile.lock. Run 'pod install' or update your CocoaPods installation.\" >&2\n    exit 1\nfi\n# This output is used by Xcode 'outputs' to avoid re-running this script phase.\necho \"SUCCESS\" > \"${SCRIPT_OUTPUT_FILE_0}\"\n";
			showEnvVarsInLog = 0;
		};
/* End PBXShellScriptBuildPhase section */

/* Begin PBXSourcesBuildPhase section */
		BCD8DC64238CB9D6000137AF /* Sources */ = {
			isa = PBXSourcesBuildPhase;
			buildActionMask = 2147483647;
			files = (
				BCB1D1C32393D83700023A94 /* GeneralMsgListImageViewController.m in Sources */,
				BC31B7E323B09F66001B2345 /* GeneralMsgContentViewController.m in Sources */,
				BCD8DC6D238CB9D6000137AF /* AppDelegate.m in Sources */,
				BC5A4061238E87F700E6EAF2 /* GeneralMsgListViewController.m in Sources */,
				BCD8DC7E238CB9D8000137AF /* main.m in Sources */,
				BC5A406B238E90DE00E6EAF2 /* CoreDataManager.m in Sources */,
				BC0A9BA1238FF7460072BB0C /* GeneralMsgListManager.m in Sources */,
				BC5A405A238E86B000E6EAF2 /* AccountListViewController.m in Sources */,
				BC5A405D238E86C900E6EAF2 /* AccountListCell.m in Sources */,
				BC5A406E238E918E00E6EAF2 /* WechatPublicAccount.xcdatamodeld in Sources */,
				BCF99EF824BC5C8F002D63F3 /* Account.m in Sources */,
				BCB1D1BD2393835100023A94 /* GeneralMsgListHeaderView.m in Sources */,
				BC5A4064238E880700E6EAF2 /* GeneralMsgListCell.m in Sources */,
			);
			runOnlyForDeploymentPostprocessing = 0;
		};
/* End PBXSourcesBuildPhase section */

/* Begin PBXVariantGroup section */
		BCD8DC74238CB9D6000137AF /* Main.storyboard */ = {
			isa = PBXVariantGroup;
			children = (
				BCD8DC75238CB9D6000137AF /* Base */,
			);
			name = Main.storyboard;
			sourceTree = "<group>";
		};
		BCD8DC79238CB9D8000137AF /* LaunchScreen.storyboard */ = {
			isa = PBXVariantGroup;
			children = (
				BCD8DC7A238CB9D8000137AF /* Base */,
			);
			name = LaunchScreen.storyboard;
			sourceTree = "<group>";
		};
/* End PBXVariantGroup section */

/* Begin XCBuildConfiguration section */
		BCD8DC7F238CB9D8000137AF /* Debug */ = {
			isa = XCBuildConfiguration;
			buildSettings = {
				ALWAYS_SEARCH_USER_PATHS = NO;
				CLANG_ANALYZER_NONNULL = YES;
				CLANG_ANALYZER_NUMBER_OBJECT_CONVERSION = YES_AGGRESSIVE;
				CLANG_CXX_LANGUAGE_STANDARD = "gnu++14";
				CLANG_CXX_LIBRARY = "libc++";
				CLANG_ENABLE_MODULES = YES;
				CLANG_ENABLE_OBJC_ARC = YES;
				CLANG_ENABLE_OBJC_WEAK = YES;
				CLANG_WARN_BLOCK_CAPTURE_AUTORELEASING = YES;
				CLANG_WARN_BOOL_CONVERSION = YES;
				CLANG_WARN_COMMA = YES;
				CLANG_WARN_CONSTANT_CONVERSION = YES;
				CLANG_WARN_DEPRECATED_OBJC_IMPLEMENTATIONS = YES;
				CLANG_WARN_DIRECT_OBJC_ISA_USAGE = YES_ERROR;
				CLANG_WARN_DOCUMENTATION_COMMENTS = YES;
				CLANG_WARN_EMPTY_BODY = YES;
				CLANG_WARN_ENUM_CONVERSION = YES;
				CLANG_WARN_INFINITE_RECURSION = YES;
				CLANG_WARN_INT_CONVERSION = YES;
				CLANG_WARN_NON_LITERAL_NULL_CONVERSION = YES;
				CLANG_WARN_OBJC_IMPLICIT_RETAIN_SELF = YES;
				CLANG_WARN_OBJC_LITERAL_CONVERSION = YES;
				CLANG_WARN_OBJC_ROOT_CLASS = YES_ERROR;
				CLANG_WARN_RANGE_LOOP_ANALYSIS = YES;
				CLANG_WARN_STRICT_PROTOTYPES = YES;
				CLANG_WARN_SUSPICIOUS_MOVE = YES;
				CLANG_WARN_UNGUARDED_AVAILABILITY = YES_AGGRESSIVE;
				CLANG_WARN_UNREACHABLE_CODE = YES;
				CLANG_WARN__DUPLICATE_METHOD_MATCH = YES;
				COPY_PHASE_STRIP = NO;
				DEBUG_INFORMATION_FORMAT = dwarf;
				ENABLE_STRICT_OBJC_MSGSEND = YES;
				ENABLE_TESTABILITY = YES;
				GCC_C_LANGUAGE_STANDARD = gnu11;
				GCC_DYNAMIC_NO_PIC = NO;
				GCC_NO_COMMON_BLOCKS = YES;
				GCC_OPTIMIZATION_LEVEL = 0;
				GCC_PREPROCESSOR_DEFINITIONS = (
					"DEBUG=1",
					"$(inherited)",
				);
				GCC_WARN_64_TO_32_BIT_CONVERSION = YES;
				GCC_WARN_ABOUT_RETURN_TYPE = YES_ERROR;
				GCC_WARN_UNDECLARED_SELECTOR = YES;
				GCC_WARN_UNINITIALIZED_AUTOS = YES_AGGRESSIVE;
				GCC_WARN_UNUSED_FUNCTION = YES;
				GCC_WARN_UNUSED_VARIABLE = YES;
				IPHONEOS_DEPLOYMENT_TARGET = 13.2;
				MTL_ENABLE_DEBUG_INFO = INCLUDE_SOURCE;
				MTL_FAST_MATH = YES;
				ONLY_ACTIVE_ARCH = YES;
				SDKROOT = iphoneos;
			};
			name = Debug;
		};
		BCD8DC80238CB9D8000137AF /* Release */ = {
			isa = XCBuildConfiguration;
			buildSettings = {
				ALWAYS_SEARCH_USER_PATHS = NO;
				CLANG_ANALYZER_NONNULL = YES;
				CLANG_ANALYZER_NUMBER_OBJECT_CONVERSION = YES_AGGRESSIVE;
				CLANG_CXX_LANGUAGE_STANDARD = "gnu++14";
				CLANG_CXX_LIBRARY = "libc++";
				CLANG_ENABLE_MODULES = YES;
				CLANG_ENABLE_OBJC_ARC = YES;
				CLANG_ENABLE_OBJC_WEAK = YES;
				CLANG_WARN_BLOCK_CAPTURE_AUTORELEASING = YES;
				CLANG_WARN_BOOL_CONVERSION = YES;
				CLANG_WARN_COMMA = YES;
				CLANG_WARN_CONSTANT_CONVERSION = YES;
				CLANG_WARN_DEPRECATED_OBJC_IMPLEMENTATIONS = YES;
				CLANG_WARN_DIRECT_OBJC_ISA_USAGE = YES_ERROR;
				CLANG_WARN_DOCUMENTATION_COMMENTS = YES;
				CLANG_WARN_EMPTY_BODY = YES;
				CLANG_WARN_ENUM_CONVERSION = YES;
				CLANG_WARN_INFINITE_RECURSION = YES;
				CLANG_WARN_INT_CONVERSION = YES;
				CLANG_WARN_NON_LITERAL_NULL_CONVERSION = YES;
				CLANG_WARN_OBJC_IMPLICIT_RETAIN_SELF = YES;
				CLANG_WARN_OBJC_LITERAL_CONVERSION = YES;
				CLANG_WARN_OBJC_ROOT_CLASS = YES_ERROR;
				CLANG_WARN_RANGE_LOOP_ANALYSIS = YES;
				CLANG_WARN_STRICT_PROTOTYPES = YES;
				CLANG_WARN_SUSPICIOUS_MOVE = YES;
				CLANG_WARN_UNGUARDED_AVAILABILITY = YES_AGGRESSIVE;
				CLANG_WARN_UNREACHABLE_CODE = YES;
				CLANG_WARN__DUPLICATE_METHOD_MATCH = YES;
				COPY_PHASE_STRIP = NO;
				DEBUG_INFORMATION_FORMAT = "dwarf-with-dsym";
				ENABLE_NS_ASSERTIONS = NO;
				ENABLE_STRICT_OBJC_MSGSEND = YES;
				GCC_C_LANGUAGE_STANDARD = gnu11;
				GCC_NO_COMMON_BLOCKS = YES;
				GCC_WARN_64_TO_32_BIT_CONVERSION = YES;
				GCC_WARN_ABOUT_RETURN_TYPE = YES_ERROR;
				GCC_WARN_UNDECLARED_SELECTOR = YES;
				GCC_WARN_UNINITIALIZED_AUTOS = YES_AGGRESSIVE;
				GCC_WARN_UNUSED_FUNCTION = YES;
				GCC_WARN_UNUSED_VARIABLE = YES;
				IPHONEOS_DEPLOYMENT_TARGET = 13.2;
				MTL_ENABLE_DEBUG_INFO = NO;
				MTL_FAST_MATH = YES;
				SDKROOT = iphoneos;
				VALIDATE_PRODUCT = YES;
			};
			name = Release;
		};
		BCD8DC82238CB9D8000137AF /* Debug */ = {
			isa = XCBuildConfiguration;
			baseConfigurationReference = E5D058E2DE086AEB43BF3B62 /* Pods-WechatPublicAccount.debug.xcconfig */;
			buildSettings = {
				ASSETCATALOG_COMPILER_APPICON_NAME = AppIcon;
				CODE_SIGN_STYLE = Automatic;
				DEVELOPMENT_TEAM = AULC75KMVC;
				GCC_PRECOMPILE_PREFIX_HEADER = YES;
				GCC_PREFIX_HEADER = "$(SRCROOT)/WechatPublicAccount/PrefixHeader.pch";
				INFOPLIST_FILE = WechatPublicAccount/Info.plist;
				IPHONEOS_DEPLOYMENT_TARGET = 10.0;
				LD_RUNPATH_SEARCH_PATHS = (
					"$(inherited)",
					"@executable_path/Frameworks",
				);
				PRODUCT_BUNDLE_IDENTIFIER = com.mayan.WechatPublicAccount;
				PRODUCT_NAME = "$(TARGET_NAME)";
				TARGETED_DEVICE_FAMILY = "1,2";
			};
			name = Debug;
		};
		BCD8DC83238CB9D8000137AF /* Release */ = {
			isa = XCBuildConfiguration;
			baseConfigurationReference = 39BEB5B33CEF7BDA6A9B41BE /* Pods-WechatPublicAccount.release.xcconfig */;
			buildSettings = {
				ASSETCATALOG_COMPILER_APPICON_NAME = AppIcon;
				CODE_SIGN_STYLE = Automatic;
				DEVELOPMENT_TEAM = AULC75KMVC;
				GCC_PRECOMPILE_PREFIX_HEADER = YES;
				GCC_PREFIX_HEADER = "$(SRCROOT)/WechatPublicAccount/PrefixHeader.pch";
				INFOPLIST_FILE = WechatPublicAccount/Info.plist;
				IPHONEOS_DEPLOYMENT_TARGET = 10.0;
				LD_RUNPATH_SEARCH_PATHS = (
					"$(inherited)",
					"@executable_path/Frameworks",
				);
				PRODUCT_BUNDLE_IDENTIFIER = com.mayan.WechatPublicAccount;
				PRODUCT_NAME = "$(TARGET_NAME)";
				TARGETED_DEVICE_FAMILY = "1,2";
			};
			name = Release;
		};
/* End XCBuildConfiguration section */

/* Begin XCConfigurationList section */
		BCD8DC63238CB9D6000137AF /* Build configuration list for PBXProject "WechatPublicAccount" */ = {
			isa = XCConfigurationList;
			buildConfigurations = (
				BCD8DC7F238CB9D8000137AF /* Debug */,
				BCD8DC80238CB9D8000137AF /* Release */,
			);
			defaultConfigurationIsVisible = 0;
			defaultConfigurationName = Release;
		};
		BCD8DC81238CB9D8000137AF /* Build configuration list for PBXNativeTarget "WechatPublicAccount" */ = {
			isa = XCConfigurationList;
			buildConfigurations = (
				BCD8DC82238CB9D8000137AF /* Debug */,
				BCD8DC83238CB9D8000137AF /* Release */,
			);
			defaultConfigurationIsVisible = 0;
			defaultConfigurationName = Release;
		};
/* End XCConfigurationList section */

/* Begin XCVersionGroup section */
		BC5A406C238E918E00E6EAF2 /* WechatPublicAccount.xcdatamodeld */ = {
			isa = XCVersionGroup;
			children = (
				BC5A406D238E918E00E6EAF2 /* WechatPublicAccount.xcdatamodel */,
			);
			currentVersion = BC5A406D238E918E00E6EAF2 /* WechatPublicAccount.xcdatamodel */;
			path = WechatPublicAccount.xcdatamodeld;
			sourceTree = "<group>";
			versionGroupType = wrapper.xcdatamodel;
		};
/* End XCVersionGroup section */
	};
	rootObject = BCD8DC60238CB9D6000137AF /* Project object */;
}
